{
  "name": "beatexchange",
  "lockfileVersion": 3,
  "requires": true,
  "packages": {
    "": {
      "dependencies": {
        "lucide": "^0.460.0"
      }
    },
    "node_modules/lucide": {
      "version": "0.460.0",
      "resolved": "https://registry.npmjs.org/lucide/-/lucide-0.460.0.tgz",
      "integrity": "sha512-kEqx3yHU+q4S0k7RH183QFaDy6xepEcN3yVjiBhxM1qX/tSMrmOSuUQJCobiIYzB1q9m8RmAN0efPiXZq79JSQ=="
    }
  }
}
